
Microsoft Visual Studio Solution File, Format Version 12.00
# Visual Studio Version 17
VisualStudioVersion = 17.14.36109.1 d17.14
MinimumVisualStudioVersion = 10.0.40219.1
Project("{FAE04EC0-301F-11D3-BF4B-00C04F79EFBC}") = "Server", "Server\Server.csproj", "{A6C1650C-212A-4204-989A-84561EB48034}"
EndProject
Project("{FAE04EC0-301F-11D3-BF4B-00C04F79EFBC}") = "Client", "Client\Client.csproj", "{F986D324-9D93-44F6-B444-52D2F4781257}"
EndProject
Global
	GlobalSection(SolutionConfigurationPlatforms) = preSolution
		Debug|Any CPU = Debug|Any CPU
		Release|Any CPU = Release|Any CPU
	EndGlobalSection
	GlobalSection(ProjectConfigurationPlatforms) = postSolution
		{A6C1650C-212A-4204-989A-84561EB48034}.Debug|Any CPU.ActiveCfg = Debug|Any CPU
		{A6C1650C-212A-4204-989A-84561EB48034}.Debug|Any CPU.Build.0 = Debug|Any CPU
		{A6C1650C-212A-4204-989A-84561EB48034}.Release|Any CPU.ActiveCfg = Release|Any CPU
		{A6C1650C-212A-4204-989A-84561EB48034}.Release|Any CPU.Build.0 = Release|Any CPU
		{F986D324-9D93-44F6-B444-52D2F4781257}.Debug|Any CPU.ActiveCfg = Debug|Any CPU
		{F986D324-9D93-44F6-B444-52D2F4781257}.Debug|Any CPU.Build.0 = Debug|Any CPU
		{F986D324-9D93-44F6-B444-52D2F4781257}.Release|Any CPU.ActiveCfg = Release|Any CPU
		{F986D324-9D93-44F6-B444-52D2F4781257}.Release|Any CPU.Build.0 = Release|Any CPU
	EndGlobalSection
	GlobalSection(SolutionProperties) = preSolution
		HideSolutionNode = FALSE
	EndGlobalSection
	GlobalSection(ExtensibilityGlobals) = postSolution
		SolutionGuid = {005E168A-7298-4029-94E9-DC191ADA2805}
	EndGlobalSection
EndGlobal
